
Microsoft Visual Studio Solution File, Format Version 12.00
# Visual Studio Version 17
VisualStudioVersion = 17.7.34018.315
MinimumVisualStudioVersion = 10.0.40219.1
Project("{FAE04EC0-301F-11D3-BF4B-00C04F79EFBC}") = "MyImage", "MyImage.csproj", "{A1D6BB04-8AEF-49D3-A8B9-D08160CD5FA0}"
EndProject
Global
	GlobalSection(SolutionConfigurationPlatforms) = preSolution
		Debug|Any CPU = Debug|Any CPU
		Release|Any CPU = Release|Any CPU
	EndGlobalSection
	GlobalSection(ProjectConfigurationPlatforms) = postSolution
		{A1D6BB04-8AEF-49D3-A8B9-D08160CD5FA0}.Debug|Any CPU.ActiveCfg = Debug|Any CPU
		{A1D6BB04-8AEF-49D3-A8B9-D08160CD5FA0}.Debug|Any CPU.Build.0 = Debug|Any CPU
		{A1D6BB04-8AEF-49D3-A8B9-D08160CD5FA0}.Release|Any CPU.ActiveCfg = Release|Any CPU
		{A1D6BB04-8AEF-49D3-A8B9-D08160CD5FA0}.Release|Any CPU.Build.0 = Release|Any CPU
	EndGlobalSection
	GlobalSection(SolutionProperties) = preSolution
		HideSolutionNode = FALSE
	EndGlobalSection
	GlobalSection(ExtensibilityGlobals) = postSolution
		SolutionGuid = {BE9DEF9E-B47D-4879-BD1A-BF0C5BD1E6C9}
	EndGlobalSection
EndGlobal
